<?xml version="1.0" encoding="utf-8"?>
<Project ToolsVersion="4.0" xmlns="http://schemas.microsoft.com/developer/msbuild/2003">
  <ItemGroup>
    <Filter Include="Entities">
      <UniqueIdentifier>{8AA33B53-7670-965E-9F89-84068BB5CBEC}</UniqueIdentifier>
    </Filter>
    <Filter Include="Scenes">
      <UniqueIdentifier>{86EEB3D0-7290-DEA6-5B4B-F2FA478C65F7}</UniqueIdentifier>
    </Filter>
  </ItemGroup>
  <ItemGroup>
    <ClInclude Include="src\Entities\Warband.h">
      <Filter>Entities</Filter>
    </ClInclude>
    <ClInclude Include="src\Scenes\GamePlayScene.h">
      <Filter>Scenes</Filter>
    </ClInclude>
    <ClInclude Include="src\Scenes\MainMenuScene.h">
      <Filter>Scenes</Filter>
    </ClInclude>
    <ClInclude Include="src\Components\AIComponent.h" />
    <ClInclude Include="src\Systems\AISystem.h" />
    <ClInclude Include="src\Systems\CombatSystem.h" />
    <ClInclude Include="src\Components\CombatComponent.h" />
    <ClInclude Include="src\Events\GameEvent.h" />
    <ClInclude Include="src\Entities\Pike.h" />
    <ClInclude Include="src\Entities\Legion.h" />
  </ItemGroup>
  <ItemGroup>
    <ClCompile Include="src\Main.cpp" />
    <ClCompile Include="src\Scenes\GamePlayScene.cpp">
      <Filter>Scenes</Filter>
    </ClCompile>
    <ClCompile Include="src\Scenes\MainMenuScene.cpp">
      <Filter>Scenes</Filter>
    </ClCompile>
    <ClCompile Include="src\Systems\AISystem.cpp" />
    <ClCompile Include="src\Systems\CombatSystem.cpp" />
    <ClCompile Include="src\Entities\Warband.cpp" />
    <ClCompile Include="src\Entities\Pike.cpp" />
    <ClCompile Include="src\Entities\Legion.cpp" />
  </ItemGroup>
  <ItemGroup>
    <FxCompile Include="src\Shaders\DefaultPS.hlsl" />
    <FxCompile Include="src\Shaders\DefaultVS.hlsl" />
    <FxCompile Include="src\Shaders\QuadGS.hlsl" />
    <FxCompile Include="src\Shaders\QuadPS.hlsl" />
    <FxCompile Include="src\Shaders\QuadVS.hlsl" />
  </ItemGroup>
  <ItemGroup>
    <CopyFileToFolders Include="assets\sword.dds" />
    <CopyFileToFolders Include="assets\axe.dds" />
    <CopyFileToFolders Include="assets\pike.dds" />
    <CopyFileToFolders Include="assets\config.txt" />
  </ItemGroup>
</Project>