<?xml version="1.0" encoding="utf-8"?>
<Project ToolsVersion="4.0" xmlns="http://schemas.microsoft.com/developer/msbuild/2003">
  <ItemGroup>
    <Filter Include="ECS">
      <UniqueIdentifier>{60E1870B-CCEA-877C-5566-9E7CC16E937C}</UniqueIdentifier>
    </Filter>
    <Filter Include="ECS\Components">
      <UniqueIdentifier>{752AA906-61F8-9C0C-4A8C-0D3336F97871}</UniqueIdentifier>
    </Filter>
    <Filter Include="ECS\Systems">
      <UniqueIdentifier>{67975D28-D34C-D61D-5C41-D0F4C8F5CC21}</UniqueIdentifier>
    </Filter>
    <Filter Include="Patterns">
      <UniqueIdentifier>{B6AE1992-A27B-749D-CB94-6245B7C0A92B}</UniqueIdentifier>
    </Filter>
    <Filter Include="Platform">
      <UniqueIdentifier>{2AC788B4-1694-E3BF-3FAD-D1672BD9184E}</UniqueIdentifier>
    </Filter>
    <Filter Include="Platform\DirectX">
      <UniqueIdentifier>{EC338E64-D82C-ADB6-015F-923BEDB68CC2}</UniqueIdentifier>
    </Filter>
    <Filter Include="Platform\OpenGL">
      <UniqueIdentifier>{1E7D2C1D-8A08-9AE1-9319-1DD6FF23F6E1}</UniqueIdentifier>
    </Filter>
  </ItemGroup>
  <ItemGroup>
    <ClInclude Include="src\Constants.h" />
    <ClInclude Include="src\DDSTextureLoader.h" />
    <ClInclude Include="src\ECS\Component.h">
      <Filter>ECS</Filter>
    </ClInclude>
    <ClInclude Include="src\ECS\ComponentManager.h">
      <Filter>ECS</Filter>
    </ClInclude>
    <ClInclude Include="src\ECS\Components\RenderComponent.h">
      <Filter>ECS\Components</Filter>
    </ClInclude>
    <ClInclude Include="src\ECS\Components\TransformComponent.h">
      <Filter>ECS\Components</Filter>
    </ClInclude>
    <ClInclude Include="src\ECS\Entity.h">
      <Filter>ECS</Filter>
    </ClInclude>
    <ClInclude Include="src\ECS\EntityManager.h">
      <Filter>ECS</Filter>
    </ClInclude>
    <ClInclude Include="src\ECS\System.h">
      <Filter>ECS</Filter>
    </ClInclude>
    <ClInclude Include="src\ECS\Systems\RenderingSystem.h">
      <Filter>ECS\Systems</Filter>
    </ClInclude>
    <ClInclude Include="src\Engine.h" />
    <ClInclude Include="src\Log.h" />
    <ClInclude Include="src\Events\Observer.h">
      <Filter>Patterns</Filter>
    </ClInclude>
    <ClInclude Include="src\Platform\DirectX\HelperDX.h">
      <Filter>Platform\DirectX</Filter>
    </ClInclude>
    <ClInclude Include="src\Platform\DirectX\RendererDX.h">
      <Filter>Platform\DirectX</Filter>
    </ClInclude>
    <ClInclude Include="src\Platform\DirectX\TextureDX.h">
      <Filter>Platform\DirectX</Filter>
    </ClInclude>
    <ClInclude Include="src\Platform\DirectX\VertexBufferDX.h">
      <Filter>Platform\DirectX</Filter>
    </ClInclude>
    <ClInclude Include="src\Platform\DirectX\VertexDX.h">
      <Filter>Platform\DirectX</Filter>
    </ClInclude>
    <ClInclude Include="src\Platform\DirectX\WindowDX.h">
      <Filter>Platform\DirectX</Filter>
    </ClInclude>
    <ClInclude Include="src\Platform\Mesh.h">
      <Filter>Platform</Filter>
    </ClInclude>
    <ClInclude Include="src\Platform\OpenGL\WindowGL.h">
      <Filter>Platform\OpenGL</Filter>
    </ClInclude>
    <ClInclude Include="src\Platform\Renderer.h">
      <Filter>Platform</Filter>
    </ClInclude>
    <ClInclude Include="src\Platform\Texture.h">
      <Filter>Platform</Filter>
    </ClInclude>
    <ClInclude Include="src\Platform\VertexBuffer.h">
      <Filter>Platform</Filter>
    </ClInclude>
    <ClInclude Include="src\Platform\Window.h">
      <Filter>Platform</Filter>
    </ClInclude>
    <ClInclude Include="src\ResourceManager.h" />
    <ClInclude Include="src\Scene.h" />
    <ClInclude Include="src\SceneManager.h" />
    <ClInclude Include="src\pch.h" />
    <ClInclude Include="src\ECS\Systems\PhysicsSystem.h" />
    <ClInclude Include="src\ECS\Components\RigidbodyComponent.h" />
    <ClInclude Include="src\ImGui\imstb_truetype.h" />
    <ClInclude Include="src\ImGui\imconfig.h" />
    <ClInclude Include="src\ImGui\imgui.h" />
    <ClInclude Include="src\ImGui\imgui_internal.h" />
    <ClInclude Include="src\ImGui\imstb_rectpack.h" />
    <ClInclude Include="src\ImGui\imstb_textedit.h" />
    <ClInclude Include="src\ImGui\imgui_impl_dx11.h" />
    <ClInclude Include="src\ImGui\imgui_impl_win32.h" />
    <ClInclude Include="src\Events\EventManager.h" />
    <ClInclude Include="src\Events\Event.h" />
    <ClInclude Include="src\ECS\Systems\CollisionSystem.h" />
    <ClInclude Include="src\ECS\Components\ColliderComponent.h" />
    <ClInclude Include="src\Networking\WSA.h" />
    <ClInclude Include="src\Networking\UDPSocket.h" />
    <ClInclude Include="src\Networking\SocketAddress.h" />
    <ClInclude Include="src\Networking\NetworkManager.h" />
    <ClInclude Include="src\Networking\SocketUtil.h" />
    <ClInclude Include="src\ClockTime.h" />
    <ClInclude Include="src\Threading\ThreadingManager.h" />
    <ClInclude Include="src\ECS\Systems\NetworkingSystem.h" />
    <ClInclude Include="src\Threading\ThreadPool.h" />
    <ClInclude Include="src\Threading\ThreadSafeQueue.h" />
    <ClInclude Include="src\Events\EngineEvent.h" />
    <ClInclude Include="src\Threading\BufferedContainer.h" />
    <ClInclude Include="src\Events\WindowEvent.h" />
    <ClInclude Include="src\Threading\Semaphore.h" />
    <ClInclude Include="src\ECS\SystemManager.h" />
    <ClInclude Include="src\Config.h" />
    <ClInclude Include="src\Platform\OpenGL\RendererGL.h" />
    <ClInclude Include="src\Platform\OpenGL\VertexGL.h" />
  </ItemGroup>
  <ItemGroup>
    <ClCompile Include="src\DDSTextureLoader.cpp" />
    <ClCompile Include="src\ECS\Component.cpp">
      <Filter>ECS</Filter>
    </ClCompile>
    <ClCompile Include="src\ECS\Components\RenderComponent.cpp">
      <Filter>ECS\Components</Filter>
    </ClCompile>
    <ClCompile Include="src\ECS\Components\TransformComponent.cpp">
      <Filter>ECS\Components</Filter>
    </ClCompile>
    <ClCompile Include="src\ECS\Entity.cpp">
      <Filter>ECS</Filter>
    </ClCompile>
    <ClCompile Include="src\ECS\System.cpp">
      <Filter>ECS</Filter>
    </ClCompile>
    <ClCompile Include="src\ECS\Systems\RenderingSystem.cpp">
      <Filter>ECS\Systems</Filter>
    </ClCompile>
    <ClCompile Include="src\Engine_EventHandler.cpp" />
    <ClCompile Include="src\Log.cpp" />
    <ClCompile Include="src\Platform\DirectX\HelperDX.cpp">
      <Filter>Platform\DirectX</Filter>
    </ClCompile>
    <ClCompile Include="src\Platform\DirectX\RendererDX.cpp">
      <Filter>Platform\DirectX</Filter>
    </ClCompile>
    <ClCompile Include="src\Platform\DirectX\TextureDX.cpp">
      <Filter>Platform\DirectX</Filter>
    </ClCompile>
    <ClCompile Include="src\Platform\DirectX\VertexBufferDX.cpp">
      <Filter>Platform\DirectX</Filter>
    </ClCompile>
    <ClCompile Include="src\Platform\DirectX\WindowDX.cpp">
      <Filter>Platform\DirectX</Filter>
    </ClCompile>
    <ClCompile Include="src\Platform\Mesh.cpp">
      <Filter>Platform</Filter>
    </ClCompile>
    <ClCompile Include="src\Platform\OpenGL\WindowGL.cpp">
      <Filter>Platform\OpenGL</Filter>
    </ClCompile>
    <ClCompile Include="src\Platform\VertexBuffer.cpp">
      <Filter>Platform</Filter>
    </ClCompile>
    <ClCompile Include="src\ResourceManager.cpp" />
    <ClCompile Include="src\Scene.cpp" />
    <ClCompile Include="src\SceneManager.cpp" />
    <ClCompile Include="src\pch.cpp" />
    <ClCompile Include="src\ECS\Systems\PhysicsSystem.cpp" />
    <ClCompile Include="src\ECS\Components\RigidbodyComponent.cpp" />
    <ClCompile Include="src\ImGui\imgui.cpp" />
    <ClCompile Include="src\ImGui\imgui_demo.cpp" />
    <ClCompile Include="src\ImGui\imgui_draw.cpp" />
    <ClCompile Include="src\ImGui\imgui_tables.cpp" />
    <ClCompile Include="src\ImGui\imgui_widgets.cpp" />
    <ClCompile Include="src\ImGui\imgui_impl_dx11.cpp" />
    <ClCompile Include="src\ImGui\imgui_impl_win32.cpp" />
    <ClCompile Include="src\Events\EventManager.cpp" />
    <ClCompile Include="src\ECS\Systems\CollisionSystem.cpp" />
    <ClCompile Include="src\Networking\WSA.cpp" />
    <ClCompile Include="src\Networking\UDPSocket.cpp" />
    <ClCompile Include="src\Networking\NetworkManager.cpp" />
    <ClCompile Include="src\Networking\SocketUtil.cpp" />
    <ClCompile Include="src\ClockTime.cpp" />
    <ClCompile Include="src\Networking\SocketAddress.cpp" />
    <ClCompile Include="src\Threading\ThreadingManager.cpp" />
    <ClCompile Include="src\ECS\Systems\NetworkingSystem.cpp" />
    <ClCompile Include="src\Engine_Main.cpp" />
    <ClCompile Include="src\Engine_Network.cpp" />
    <ClCompile Include="src\Engine_Update.cpp" />
    <ClCompile Include="src\Engine_Render.cpp" />
    <ClCompile Include="src\Platform\Window.cpp" />
    <ClCompile Include="src\Threading\Semaphore.cpp" />
    <ClCompile Include="src\ECS\SystemManager.cpp" />
    <ClCompile Include="src\ECS\EntityManager.cpp" />
    <ClCompile Include="src\Config.cpp" />
    <ClCompile Include="src\Platform\OpenGL\RendererGL.cpp" />
  </ItemGroup>
</Project>